// !$*UTF8*$!
{
	archiveVersion = 1;
	classes = {
	};
	objectVersion = 77;
	objects = {

/* Begin PBXContainerItemProxy section */
		8BE5BC192E71D801000568FD /* PBXContainerItemProxy */ = {
			isa = PBXContainerItemProxy;
			containerPortal = 8BE5BC032E71D7FE000568FD /* Project object */;
			proxyType = 1;
			remoteGlobalIDString = 8BE5BC0A2E71D7FE000568FD;
			remoteInfo = studyBuddy;
		};
		8BE5BC232E71D801000568FD /* PBXContainerItemProxy */ = {
			isa = PBXContainerItemProxy;
			containerPortal = 8BE5BC032E71D7FE000568FD /* Project object */;
			proxyType = 1;
			remoteGlobalIDString = 8BE5BC0A2E71D7FE000568FD;
			remoteInfo = studyBuddy;
		};
/* End PBXContainerItemProxy section */

/* Begin PBXFileReference section */
		8BE5BC0B2E71D7FE000568FD /* studyBuddy.app */ = {isa = PBXFileReference; explicitFileType = wrapper.application; includeInIndex = 0; path = studyBuddy.app; sourceTree = BUILT_PRODUCTS_DIR; };
		8BE5BC182E71D801000568FD /* studyBuddyTests.xctest */ = {isa = PBXFileReference; explicitFileType = wrapper.cfbundle; includeInIndex = 0; path = studyBuddyTests.xctest; sourceTree = BUILT_PRODUCTS_DIR; };
		8BE5BC222E71D801000568FD /* studyBuddyUITests.xctest */ = {isa = PBXFileReference; explicitFileType = wrapper.cfbundle; includeInIndex = 0; path = studyBuddyUITests.xctest; sourceTree = BUILT_PRODUCTS_DIR; };
/* End PBXFileReference section */

/* Begin PBXFileSystemSynchronizedBuildFileExceptionSet section */
		8BACCC742E7C622C007F10D7 /* Exceptions for "studyBuddy" folder in "studyBuddy" target */ = {
			isa = PBXFileSystemSynchronizedBuildFileExceptionSet;
			membershipExceptions = (
				Info.plist,
			);
			target = 8BE5BC0A2E71D7FE000568FD /* studyBuddy */;
		};
/* End PBXFileSystemSynchronizedBuildFileExceptionSet section */

/* Begin PBXFileSystemSynchronizedRootGroup section */
		8BACCC702E7C5FE0007F10D7 /* Fonts */ = {
			isa = PBXFileSystemSynchronizedRootGroup;
			path = Fonts;
			sourceTree = "<group>";
		};
		8BE5BC0D2E71D7FE000568FD /* studyBuddy */ = {
			isa = PBXFileSystemSynchronizedRootGroup;
			exceptions = (
				8BACCC742E7C622C007F10D7 /* Exceptions for "studyBuddy" folder in "studyBuddy" target */,
			);
			path = studyBuddy;
			sourceTree = "<group>";
		};
		8BE5BC1B2E71D801000568FD /* studyBuddyTests */ = {
			isa = PBXFileSystemSynchronizedRootGroup;
			path = studyBuddyTests;
			sourceTree = "<group>";
		};
		8BE5BC252E71D801000568FD /* studyBuddyUITests */ = {
			isa = PBXFileSystemSynchronizedRootGroup;
			path = studyBuddyUITests;
			sourceTree = "<group>";
		};
/* End PBXFileSystemSynchronizedRootGroup section */

/* Begin PBXFrameworksBuildPhase section */
		8BE5BC082E71D7FE000568FD /* Frameworks */ = {
			isa = PBXFrameworksBuildPhase;
			buildActionMask = 2147483647;
			files = (
			);
			runOnlyForDeploymentPostprocessing = 0;
		};
		8BE5BC152E71D801000568FD /* Frameworks */ = {
			isa = PBXFrameworksBuildPhase;
			buildActionMask = 2147483647;
			files = (
			);
			runOnlyForDeploymentPostprocessing = 0;
		};
		8BE5BC1F2E71D801000568FD /* Frameworks */ = {
			isa = PBXFrameworksBuildPhase;
			buildActionMask = 2147483647;
			files = (
			);
			runOnlyForDeploymentPostprocessing = 0;
		};
/* End PBXFrameworksBuildPhase section */

/* Begin PBXGroup section */
		8BE5BC022E71D7FE000568FD = {
			isa = PBXGroup;
			children = (
				8BACCC702E7C5FE0007F10D7 /* Fonts */,
				8BE5BC0D2E71D7FE000568FD /* studyBuddy */,
				8BE5BC1B2E71D801000568FD /* studyBuddyTests */,
				8BE5BC252E71D801000568FD /* studyBuddyUITests */,
				8BE5BC0C2E71D7FE000568FD /* Products */,
			);
			sourceTree = "<group>";
		};
		8BE5BC0C2E71D7FE000568FD /* Products */ = {
			isa = PBXGroup;
			children = (
				8BE5BC0B2E71D7FE000568FD /* studyBuddy.app */,
				8BE5BC182E71D801000568FD /* studyBuddyTests.xctest */,
				8BE5BC222E71D801000568FD /* studyBuddyUITests.xctest */,
			);
			name = Products;
			sourceTree = "<group>";
		};
/* End PBXGroup section */

/* Begin PBXNativeTarget section */
		8BE5BC0A2E71D7FE000568FD /* studyBuddy */ = {
			isa = PBXNativeTarget;
			buildConfigurationList = 8BE5BC2C2E71D801000568FD /* Build configuration list for PBXNativeTarget "studyBuddy" */;
			buildPhases = (
				8BE5BC072E71D7FE000568FD /* Sources */,
				8BE5BC082E71D7FE000568FD /* Frameworks */,
				8BE5BC092E71D7FE000568FD /* Resources */,
			);
			buildRules = (
			);
			dependencies = (
			);
			fileSystemSynchronizedGroups = (
				8BACCC702E7C5FE0007F10D7 /* Fonts */,
				8BE5BC0D2E71D7FE000568FD /* studyBuddy */,
			);
			name = studyBuddy;
			packageProductDependencies = (
			);
			productName = studyBuddy;
			productReference = 8BE5BC0B2E71D7FE000568FD /* studyBuddy.app */;
			productType = "com.apple.product-type.application";
		};
		8BE5BC172E71D801000568FD /* studyBuddyTests */ = {
			isa = PBXNativeTarget;
			buildConfigurationList = 8BE5BC2F2E71D801000568FD /* Build configuration list for PBXNativeTarget "studyBuddyTests" */;
			buildPhases = (
				8BE5BC142E71D801000568FD /* Sources */,
				8BE5BC152E71D801000568FD /* Frameworks */,
				8BE5BC162E71D801000568FD /* Resources */,
			);
			buildRules = (
			);
			dependencies = (
				8BE5BC1A2E71D801000568FD /* PBXTargetDependency */,
			);
			fileSystemSynchronizedGroups = (
				8BE5BC1B2E71D801000568FD /* studyBuddyTests */,
			);
			name = studyBuddyTests;
			packageProductDependencies = (
			);
			productName = studyBuddyTests;
			productReference = 8BE5BC182E71D801000568FD /* studyBuddyTests.xctest */;
			productType = "com.apple.product-type.bundle.unit-test";
		};
		8BE5BC212E71D801000568FD /* studyBuddyUITests */ = {
			isa = PBXNativeTarget;
			buildConfigurationList = 8BE5BC322E71D801000568FD /* Build configuration list for PBXNativeTarget "studyBuddyUITests" */;
			buildPhases = (
				8BE5BC1E2E71D801000568FD /* Sources */,
				8BE5BC1F2E71D801000568FD /* Frameworks */,
				8BE5BC202E71D801000568FD /* Resources */,
			);
			buildRules = (
			);
			dependencies = (
				8BE5BC242E71D801000568FD /* PBXTargetDependency */,
			);
			fileSystemSynchronizedGroups = (
				8BE5BC252E71D801000568FD /* studyBuddyUITests */,
			);
			name = studyBuddyUITests;
			packageProductDependencies = (
			);
			productName = studyBuddyUITests;
			productReference = 8BE5BC222E71D801000568FD /* studyBuddyUITests.xctest */;
			productType = "com.apple.product-type.bundle.ui-testing";
		};
/* End PBXNativeTarget section */

/* Begin PBXProject section */
		8BE5BC032E71D7FE000568FD /* Project object */ = {
			isa = PBXProject;
			attributes = {
				BuildIndependentTargetsInParallel = 1;
				LastSwiftUpdateCheck = 1640;
				LastUpgradeCheck = 1640;
				TargetAttributes = {
					8BE5BC0A2E71D7FE000568FD = {
						CreatedOnToolsVersion = 16.4;
					};
					8BE5BC172E71D801000568FD = {
						CreatedOnToolsVersion = 16.4;
						TestTargetID = 8BE5BC0A2E71D7FE000568FD;
					};
					8BE5BC212E71D801000568FD = {
						CreatedOnToolsVersion = 16.4;
						TestTargetID = 8BE5BC0A2E71D7FE000568FD;
					};
				};
			};
			buildConfigurationList = 8BE5BC062E71D7FE000568FD /* Build configuration list for PBXProject "studyBuddy" */;
			developmentRegion = en;
			hasScannedForEncodings = 0;
			knownRegions = (
				en,
				Base,
			);
			mainGroup = 8BE5BC022E71D7FE000568FD;
			minimizedProjectReferenceProxies = 1;
			preferredProjectObjectVersion = 77;
			productRefGroup = 8BE5BC0C2E71D7FE000568FD /* Products */;
			projectDirPath = "";
			projectRoot = "";
			targets = (
				8BE5BC0A2E71D7FE000568FD /* studyBuddy */,
				8BE5BC172E71D801000568FD /* studyBuddyTests */,
				8BE5BC212E71D801000568FD /* studyBuddyUITests */,
			);
		};
/* End PBXProject section */

/* Begin PBXResourcesBuildPhase section */
		8BE5BC092E71D7FE000568FD /* Resources */ = {
			isa = PBXResourcesBuildPhase;
			buildActionMask = 2147483647;
			files = (
			);
			runOnlyForDeploymentPostprocessing = 0;
		};
		8BE5BC162E71D801000568FD /* Resources */ = {
			isa = PBXResourcesBuildPhase;
			buildActionMask = 2147483647;
			files = (
			);
			runOnlyForDeploymentPostprocessing = 0;
		};
		8BE5BC202E71D801000568FD /* Resources */ = {
			isa = PBXResourcesBuildPhase;
			buildActionMask = 2147483647;
			files = (
			);
			runOnlyForDeploymentPostprocessing = 0;
		};
/* End PBXResourcesBuildPhase section */

/* Begin PBXSourcesBuildPhase section */
		8BE5BC072E71D7FE000568FD /* Sources */ = {
			isa = PBXSourcesBuildPhase;
			buildActionMask = 2147483647;
			files = (
			);
			runOnlyForDeploymentPostprocessing = 0;
		};
		8BE5BC142E71D801000568FD /* Sources */ = {
			isa = PBXSourcesBuildPhase;
			buildActionMask = 2147483647;
			files = (
			);
			runOnlyForDeploymentPostprocessing = 0;
		};
		8BE5BC1E2E71D801000568FD /* Sources */ = {
			isa = PBXSourcesBuildPhase;
			buildActionMask = 2147483647;
			files = (
			);
			runOnlyForDeploymentPostprocessing = 0;
		};
/* End PBXSourcesBuildPhase section */

/* Begin PBXTargetDependency section */
		8BE5BC1A2E71D801000568FD /* PBXTargetDependency */ = {
			isa = PBXTargetDependency;
			target = 8BE5BC0A2E71D7FE000568FD /* studyBuddy */;
			targetProxy = 8BE5BC192E71D801000568FD /* PBXContainerItemProxy */;
		};
		8BE5BC242E71D801000568FD /* PBXTargetDependency */ = {
			isa = PBXTargetDependency;
			target = 8BE5BC0A2E71D7FE000568FD /* studyBuddy */;
			targetProxy = 8BE5BC232E71D801000568FD /* PBXContainerItemProxy */;
		};
/* End PBXTargetDependency section */

/* Begin XCBuildConfiguration section */
		8BE5BC2A2E71D801000568FD /* Debug */ = {
			isa = XCBuildConfiguration;
			buildSettings = {
				ALWAYS_SEARCH_USER_PATHS = NO;
				ASSETCATALOG_COMPILER_GENERATE_SWIFT_ASSET_SYMBOL_EXTENSIONS = YES;
				CLANG_ANALYZER_NONNULL = YES;
				CLANG_ANALYZER_NUMBER_OBJECT_CONVERSION = YES_AGGRESSIVE;
				CLANG_CXX_LANGUAGE_STANDARD = "gnu++20";
				CLANG_ENABLE_MODULES = YES;
				CLANG_ENABLE_OBJC_ARC = YES;
				CLANG_ENABLE_OBJC_WEAK = YES;
				CLANG_WARN_BLOCK_CAPTURE_AUTORELEASING = YES;
				CLANG_WARN_BOOL_CONVERSION = YES;
				CLANG_WARN_COMMA = YES;
				CLANG_WARN_CONSTANT_CONVERSION = YES;
				CLANG_WARN_DEPRECATED_OBJC_IMPLEMENTATIONS = YES;
				CLANG_WARN_DIRECT_OBJC_ISA_USAGE = YES_ERROR;
				CLANG_WARN_DOCUMENTATION_COMMENTS = YES;
				CLANG_WARN_EMPTY_BODY = YES;
				CLANG_WARN_ENUM_CONVERSION = YES;
				CLANG_WARN_INFINITE_RECURSION = YES;
				CLANG_WARN_INT_CONVERSION = YES;
				CLANG_WARN_NON_LITERAL_NULL_CONVERSION = YES;
				CLANG_WARN_OBJC_IMPLICIT_RETAIN_SELF = YES;
				CLANG_WARN_OBJC_LITERAL_CONVERSION = YES;
				CLANG_WARN_OBJC_ROOT_CLASS = YES_ERROR;
				CLANG_WARN_QUOTED_INCLUDE_IN_FRAMEWORK_HEADER = YES;
				CLANG_WARN_RANGE_LOOP_ANALYSIS = YES;
				CLANG_WARN_STRICT_PROTOTYPES = YES;
				CLANG_WARN_SUSPICIOUS_MOVE = YES;
				CLANG_WARN_UNGUARDED_AVAILABILITY = YES_AGGRESSIVE;
				CLANG_WARN_UNREACHABLE_CODE = YES;
				CLANG_WARN__DUPLICATE_METHOD_MATCH = YES;
				COPY_PHASE_STRIP = NO;
				DEBUG_INFORMATION_FORMAT = dwarf;
				DEVELOPMENT_TEAM = PN693A5VCT;
				ENABLE_STRICT_OBJC_MSGSEND = YES;
				ENABLE_TESTABILITY = YES;
				ENABLE_USER_SCRIPT_SANDBOXING = YES;
				GCC_C_LANGUAGE_STANDARD = gnu17;
				GCC_DYNAMIC_NO_PIC = NO;
				GCC_NO_COMMON_BLOCKS = YES;
				GCC_OPTIMIZATION_LEVEL = 0;
				GCC_PREPROCESSOR_DEFINITIONS = (
					"DEBUG=1",
					"$(inherited)",
				);
				GCC_WARN_64_TO_32_BIT_CONVERSION = YES;
				GCC_WARN_ABOUT_RETURN_TYPE = YES_ERROR;
				GCC_WARN_UNDECLARED_SELECTOR = YES;
				GCC_WARN_UNINITIALIZED_AUTOS = YES_AGGRESSIVE;
				GCC_WARN_UNUSED_FUNCTION = YES;
				GCC_WARN_UNUSED_VARIABLE = YES;
				IPHONEOS_DEPLOYMENT_TARGET = 18.5;
				LOCALIZATION_PREFERS_STRING_CATALOGS = YES;
				MTL_ENABLE_DEBUG_INFO = INCLUDE_SOURCE;
				MTL_FAST_MATH = YES;
				ONLY_ACTIVE_ARCH = YES;
				SDKROOT = iphoneos;
				SWIFT_ACTIVE_COMPILATION_CONDITIONS = "DEBUG $(inherited)";
				SWIFT_OPTIMIZATION_LEVEL = "-Onone";
			};
			name = Debug;
		};
		8BE5BC2B2E71D801000568FD /* Release */ = {
			isa = XCBuildConfiguration;
			buildSettings = {
				ALWAYS_SEARCH_USER_PATHS = NO;
				ASSETCATALOG_COMPILER_GENERATE_SWIFT_ASSET_SYMBOL_EXTENSIONS = YES;
				CLANG_ANALYZER_NONNULL = YES;
				CLANG_ANALYZER_NUMBER_OBJECT_CONVERSION = YES_AGGRESSIVE;
				CLANG_CXX_LANGUAGE_STANDARD = "gnu++20";
				CLANG_ENABLE_MODULES = YES;
				CLANG_ENABLE_OBJC_ARC = YES;
				CLANG_ENABLE_OBJC_WEAK = YES;
				CLANG_WARN_BLOCK_CAPTURE_AUTORELEASING = YES;
				CLANG_WARN_BOOL_CONVERSION = YES;
				CLANG_WARN_COMMA = YES;
				CLANG_WARN_CONSTANT_CONVERSION = YES;
				CLANG_WARN_DEPRECATED_OBJC_IMPLEMENTATIONS = YES;
				CLANG_WARN_DIRECT_OBJC_ISA_USAGE = YES_ERROR;
				CLANG_WARN_DOCUMENTATION_COMMENTS = YES;
				CLANG_WARN_EMPTY_BODY = YES;
				CLANG_WARN_ENUM_CONVERSION = YES;
				CLANG_WARN_INFINITE_RECURSION = YES;
				CLANG_WARN_INT_CONVERSION = YES;
				CLANG_WARN_NON_LITERAL_NULL_CONVERSION = YES;
				CLANG_WARN_OBJC_IMPLICIT_RETAIN_SELF = YES;
				CLANG_WARN_OBJC_LITERAL_CONVERSION = YES;
				CLANG_WARN_OBJC_ROOT_CLASS = YES_ERROR;
				CLANG_WARN_QUOTED_INCLUDE_IN_FRAMEWORK_HEADER = YES;
				CLANG_WARN_RANGE_LOOP_ANALYSIS = YES;
				CLANG_WARN_STRICT_PROTOTYPES = YES;
				CLANG_WARN_SUSPICIOUS_MOVE = YES;
				CLANG_WARN_UNGUARDED_AVAILABILITY = YES_AGGRESSIVE;
				CLANG_WARN_UNREACHABLE_CODE = YES;
				CLANG_WARN__DUPLICATE_METHOD_MATCH = YES;
				COPY_PHASE_STRIP = NO;
				DEBUG_INFORMATION_FORMAT = "dwarf-with-dsym";
				DEVELOPMENT_TEAM = PN693A5VCT;
				ENABLE_NS_ASSERTIONS = NO;
				ENABLE_STRICT_OBJC_MSGSEND = YES;
				ENABLE_USER_SCRIPT_SANDBOXING = YES;
				GCC_C_LANGUAGE_STANDARD = gnu17;
				GCC_NO_COMMON_BLOCKS = YES;
				GCC_WARN_64_TO_32_BIT_CONVERSION = YES;
				GCC_WARN_ABOUT_RETURN_TYPE = YES_ERROR;
				GCC_WARN_UNDECLARED_SELECTOR = YES;
				GCC_WARN_UNINITIALIZED_AUTOS = YES_AGGRESSIVE;
				GCC_WARN_UNUSED_FUNCTION = YES;
				GCC_WARN_UNUSED_VARIABLE = YES;
				IPHONEOS_DEPLOYMENT_TARGET = 18.5;
				LOCALIZATION_PREFERS_STRING_CATALOGS = YES;
				MTL_ENABLE_DEBUG_INFO = NO;
				MTL_FAST_MATH = YES;
				SDKROOT = iphoneos;
				SWIFT_COMPILATION_MODE = wholemodule;
				VALIDATE_PRODUCT = YES;
			};
			name = Release;
		};
		8BE5BC2D2E71D801000568FD /* Debug */ = {
			isa = XCBuildConfiguration;
			buildSettings = {
				ASSETCATALOG_COMPILER_APPICON_NAME = AppIcon;
				ASSETCATALOG_COMPILER_GLOBAL_ACCENT_COLOR_NAME = AccentColor;
				CODE_SIGN_STYLE = Automatic;
				CURRENT_PROJECT_VERSION = 1;
				DEVELOPMENT_TEAM = PN693A5VCT;
				ENABLE_PREVIEWS = YES;
				GENERATE_INFOPLIST_FILE = YES;
				INFOPLIST_FILE = studyBuddy/Info.plist;
				INFOPLIST_KEY_UIApplicationSceneManifest_Generation = YES;
				INFOPLIST_KEY_UIApplicationSupportsIndirectInputEvents = YES;
				INFOPLIST_KEY_UILaunchScreen_Generation = YES;
				INFOPLIST_KEY_UISupportedInterfaceOrientations_iPad = "UIInterfaceOrientationPortrait UIInterfaceOrientationPortraitUpsideDown UIInterfaceOrientationLandscapeLeft UIInterfaceOrientationLandscapeRight";
				INFOPLIST_KEY_UISupportedInterfaceOrientations_iPhone = "UIInterfaceOrientationPortrait UIInterfaceOrientationLandscapeLeft UIInterfaceOrientationLandscapeRight";
				LD_RUNPATH_SEARCH_PATHS = (
					"$(inherited)",
					"@executable_path/Frameworks",
				);
				MARKETING_VERSION = 1.0;
				PRODUCT_BUNDLE_IDENTIFIER = com.studywithayan.studyBuddy;
				PRODUCT_NAME = "$(TARGET_NAME)";
				SWIFT_EMIT_LOC_STRINGS = YES;
				SWIFT_VERSION = 5.0;
				TARGETED_DEVICE_FAMILY = "1,2";
			};
			name = Debug;
		};
		8BE5BC2E2E71D801000568FD /* Release */ = {
			isa = XCBuildConfiguration;
			buildSettings = {
				ASSETCATALOG_COMPILER_APPICON_NAME = AppIcon;
				ASSETCATALOG_COMPILER_GLOBAL_ACCENT_COLOR_NAME = AccentColor;
				CODE_SIGN_STYLE = Automatic;
				CURRENT_PROJECT_VERSION = 1;
				DEVELOPMENT_TEAM = PN693A5VCT;
				ENABLE_PREVIEWS = YES;
				GENERATE_INFOPLIST_FILE = YES;
				INFOPLIST_FILE = studyBuddy/Info.plist;
				INFOPLIST_KEY_UIApplicationSceneManifest_Generation = YES;
				INFOPLIST_KEY_UIApplicationSupportsIndirectInputEvents = YES;
				INFOPLIST_KEY_UILaunchScreen_Generation = YES;
				INFOPLIST_KEY_UISupportedInterfaceOrientations_iPad = "UIInterfaceOrientationPortrait UIInterfaceOrientationPortraitUpsideDown UIInterfaceOrientationLandscapeLeft UIInterfaceOrientationLandscapeRight";
				INFOPLIST_KEY_UISupportedInterfaceOrientations_iPhone = "UIInterfaceOrientationPortrait UIInterfaceOrientationLandscapeLeft UIInterfaceOrientationLandscapeRight";
				LD_RUNPATH_SEARCH_PATHS = (
					"$(inherited)",
					"@executable_path/Frameworks",
				);
				MARKETING_VERSION = 1.0;
				PRODUCT_BUNDLE_IDENTIFIER = com.studywithayan.studyBuddy;
				PRODUCT_NAME = "$(TARGET_NAME)";
				SWIFT_EMIT_LOC_STRINGS = YES;
				SWIFT_VERSION = 5.0;
				TARGETED_DEVICE_FAMILY = "1,2";
			};
			name = Release;
		};
		8BE5BC302E71D801000568FD /* Debug */ = {
			isa = XCBuildConfiguration;
			buildSettings = {
				BUNDLE_LOADER = "$(TEST_HOST)";
				CODE_SIGN_STYLE = Automatic;
				CURRENT_PROJECT_VERSION = 1;
				DEVELOPMENT_TEAM = PN693A5VCT;
				GENERATE_INFOPLIST_FILE = YES;
				IPHONEOS_DEPLOYMENT_TARGET = 18.5;
				MARKETING_VERSION = 1.0;
				PRODUCT_BUNDLE_IDENTIFIER = com.studywithayan.studyBuddyTests;
				PRODUCT_NAME = "$(TARGET_NAME)";
				SWIFT_EMIT_LOC_STRINGS = NO;
				SWIFT_VERSION = 5.0;
				TARGETED_DEVICE_FAMILY = "1,2";
				TEST_HOST = "$(BUILT_PRODUCTS_DIR)/studyBuddy.app/$(BUNDLE_EXECUTABLE_FOLDER_PATH)/studyBuddy";
			};
			name = Debug;
		};
		8BE5BC312E71D801000568FD /* Release */ = {
			isa = XCBuildConfiguration;
			buildSettings = {
				BUNDLE_LOADER = "$(TEST_HOST)";
				CODE_SIGN_STYLE = Automatic;
				CURRENT_PROJECT_VERSION = 1;
				DEVELOPMENT_TEAM = PN693A5VCT;
				GENERATE_INFOPLIST_FILE = YES;
				IPHONEOS_DEPLOYMENT_TARGET = 18.5;
				MARKETING_VERSION = 1.0;
				PRODUCT_BUNDLE_IDENTIFIER = com.studywithayan.studyBuddyTests;
				PRODUCT_NAME = "$(TARGET_NAME)";
				SWIFT_EMIT_LOC_STRINGS = NO;
				SWIFT_VERSION = 5.0;
				TARGETED_DEVICE_FAMILY = "1,2";
				TEST_HOST = "$(BUILT_PRODUCTS_DIR)/studyBuddy.app/$(BUNDLE_EXECUTABLE_FOLDER_PATH)/studyBuddy";
			};
			name = Release;
		};
		8BE5BC332E71D801000568FD /* Debug */ = {
			isa = XCBuildConfiguration;
			buildSettings = {
				CODE_SIGN_STYLE = Automatic;
				CURRENT_PROJECT_VERSION = 1;
				DEVELOPMENT_TEAM = PN693A5VCT;
				GENERATE_INFOPLIST_FILE = YES;
				MARKETING_VERSION = 1.0;
				PRODUCT_BUNDLE_IDENTIFIER = com.studywithayan.studyBuddyUITests;
				PRODUCT_NAME = "$(TARGET_NAME)";
				SWIFT_EMIT_LOC_STRINGS = NO;
				SWIFT_VERSION = 5.0;
				TARGETED_DEVICE_FAMILY = "1,2";
				TEST_TARGET_NAME = studyBuddy;
			};
			name = Debug;
		};
		8BE5BC342E71D801000568FD /* Release */ = {
			isa = XCBuildConfiguration;
			buildSettings = {
				CODE_SIGN_STYLE = Automatic;
				CURRENT_PROJECT_VERSION = 1;
				DEVELOPMENT_TEAM = PN693A5VCT;
				GENERATE_INFOPLIST_FILE = YES;
				MARKETING_VERSION = 1.0;
				PRODUCT_BUNDLE_IDENTIFIER = com.studywithayan.studyBuddyUITests;
				PRODUCT_NAME = "$(TARGET_NAME)";
				SWIFT_EMIT_LOC_STRINGS = NO;
				SWIFT_VERSION = 5.0;
				TARGETED_DEVICE_FAMILY = "1,2";
				TEST_TARGET_NAME = studyBuddy;
			};
			name = Release;
		};
/* End XCBuildConfiguration section */

/* Begin XCConfigurationList section */
		8BE5BC062E71D7FE000568FD /* Build configuration list for PBXProject "studyBuddy" */ = {
			isa = XCConfigurationList;
			buildConfigurations = (
				8BE5BC2A2E71D801000568FD /* Debug */,
				8BE5BC2B2E71D801000568FD /* Release */,
			);
			defaultConfigurationIsVisible = 0;
			defaultConfigurationName = Release;
		};
		8BE5BC2C2E71D801000568FD /* Build configuration list for PBXNativeTarget "studyBuddy" */ = {
			isa = XCConfigurationList;
			buildConfigurations = (
				8BE5BC2D2E71D801000568FD /* Debug */,
				8BE5BC2E2E71D801000568FD /* Release */,
			);
			defaultConfigurationIsVisible = 0;
			defaultConfigurationName = Release;
		};
		8BE5BC2F2E71D801000568FD /* Build configuration list for PBXNativeTarget "studyBuddyTests" */ = {
			isa = XCConfigurationList;
			buildConfigurations = (
				8BE5BC302E71D801000568FD /* Debug */,
				8BE5BC312E71D801000568FD /* Release */,
			);
			defaultConfigurationIsVisible = 0;
			defaultConfigurationName = Release;
		};
		8BE5BC322E71D801000568FD /* Build configuration list for PBXNativeTarget "studyBuddyUITests" */ = {
			isa = XCConfigurationList;
			buildConfigurations = (
				8BE5BC332E71D801000568FD /* Debug */,
				8BE5BC342E71D801000568FD /* Release */,
			);
			defaultConfigurationIsVisible = 0;
			defaultConfigurationName = Release;
		};
/* End XCConfigurationList section */
	};
	rootObject = 8BE5BC032E71D7FE000568FD /* Project object */;
}
